
Microsoft Visual Studio Solution File, Format Version 12.00
# Visual Studio Version 17
VisualStudioVersion = 17.6.33723.286
MinimumVisualStudioVersion = 10.0.40219.1
Project("{FAE04EC0-301F-11D3-BF4B-00C04F79EFBC}") = "SurveyApp.Entities", "SurveyApp.Entities.csproj", "{6B11E401-B7ED-4F49-8D50-DB9D66643FDA}"
EndProject
Project("{2150E333-8FDC-42A3-9474-1A3956D46DE8}") = "Solution Items", "Solution Items", "{F97A4CC1-800C-4D29-99C0-BC7F15302481}"
EndProject
Global
	GlobalSection(SolutionConfigurationPlatforms) = preSolution
		Debug|Any CPU = Debug|Any CPU
		Release|Any CPU = Release|Any CPU
	EndGlobalSection
	GlobalSection(ProjectConfigurationPlatforms) = postSolution
		{6B11E401-B7ED-4F49-8D50-DB9D66643FDA}.Debug|Any CPU.ActiveCfg = Debug|Any CPU
		{6B11E401-B7ED-4F49-8D50-DB9D66643FDA}.Debug|Any CPU.Build.0 = Debug|Any CPU
		{6B11E401-B7ED-4F49-8D50-DB9D66643FDA}.Release|Any CPU.ActiveCfg = Release|Any CPU
		{6B11E401-B7ED-4F49-8D50-DB9D66643FDA}.Release|Any CPU.Build.0 = Release|Any CPU
	EndGlobalSection
	GlobalSection(SolutionProperties) = preSolution
		HideSolutionNode = FALSE
	EndGlobalSection
	GlobalSection(ExtensibilityGlobals) = postSolution
		SolutionGuid = {864CE7A7-3DDF-4133-91F9-574165FAA9B8}
	EndGlobalSection
EndGlobal
